{
  "meteor": {},
  "dependencies": {
    "basePackages": {
      "collection2": {},
      "emitter": {},
      "iron-router": {},
      "tags": {
        "git": "git://github.com/mhhf/meteor-tags.git",
        "branch": "master"
      },
      "bootstrap3-less": {},
      "spin": {},
      "editor": {
        "git": "https://github.com/mhhf/editor.git",
        "branch": "master"
      },
      "llmd-core": {
        "git": "https://github.com/mhhf/llmd-core.git",
        "branch": "master"
      },
      "llmd": {
        "git": "https://github.com/mhhf/llmd.git",
        "branch": "master"
      },
      "llmd-md": {
        "git": "https://github.com/mhhf/llmd-md.git",
        "branch": "master"
      },
      "llmd-redisc": {
        "git": "https://github.com/mhhf/llmd-redisc.git",
        "branch": "master"
      },
      "module-loader": {},
      "fontawesome4": {},
      "accounts-entry": {},
      "sendgrid": {},
      "moment": {}
    },
    "packages": {
      "collection2": {
        "git": "https://github.com/aldeed/meteor-collection2.git",
        "tag": "v0.4.3",
        "commit": "cb470de2cfeebeccbf76d4cc0a39ad4afc76d553"
      },
      "emitter": {
        "git": "https://github.com/Meteor-Reaction/meteor-emitter.git",
        "tag": "v0.1.0",
        "commit": "849a91bbe4e1e0636f49fa2e5141e74ed5137a27"
      },
      "iron-router": {
        "git": "https://github.com/EventedMind/iron-router.git",
        "tag": "v0.8.2",
        "commit": "05415a8891ea87a00fb1e2388585f2ca5a38e0da"
      },
      "tags": {
        "git": "git://github.com/mhhf/meteor-tags.git",
        "branch": "master",
        "commit": "b7dedea98992a74279f52b4566e45f25e0652afb"
      },
      "bootstrap3-less": {
        "git": "https://github.com/simison/bootstrap3-less",
        "tag": "v0.2.1",
        "commit": "dc94a51ed00d7de6d6f2b6d65107a876d849ad61"
      },
      "spin": {
        "git": "https://github.com/SachaG/meteor-spin.git",
        "tag": "v2.0.3",
        "commit": "23c1145472a710d5c93fa4beaca4e576caeb2f24"
      },
      "editor": {
        "git": "https://github.com/mhhf/editor.git",
        "branch": "master",
        "commit": "2e1ff54038f78813c2383f10ecab49b2df68f182"
      },
      "llmd-core": {
        "git": "https://github.com/mhhf/llmd-core.git",
        "branch": "master",
        "commit": "d42af64ee699184b0734cdf3dee52118bcd4e236"
      },
      "llmd": {
        "git": "https://github.com/mhhf/llmd.git",
        "branch": "master",
        "commit": "3e0213339a5b218ac86aabb0fea601bed858d8b2"
      },
      "llmd-md": {
        "git": "https://github.com/mhhf/llmd-md.git",
        "branch": "master",
        "commit": "4f2b7a42f6c3161542f37596776b13f42ece8d29"
      },
      "llmd-redisc": {
        "git": "https://github.com/mhhf/llmd-redisc.git",
        "branch": "master",
        "commit": "b45baf86c88450e1f03a304f5ac2b9b3473b15b5"
      },
      "module-loader": {
        "git": "https://github.com/apendua/module-loader.git",
        "tag": "v0.5.1",
        "commit": "06c4f220272fb10dadec3ff431a47ce58e84cc8f"
      },
      "fontawesome4": {
        "git": "https://github.com/chrismbeckett/meteor-fontawesome4.git",
        "tag": "v1.1.0",
        "commit": "7d2cb9119b7981b8f854b7051d302d4842311249"
      },
      "accounts-entry": {
        "git": "https://github.com/Differential/accounts-entry.git",
        "tag": "v0.8.0",
        "commit": "cf7f7d0ecc285824bc2748e305f5d693df99b4ae"
      },
      "sendgrid": {
        "git": "https://github.com/DavidBrear/meteor-sendgrid.git",
        "tag": "v0.9.0",
        "commit": "302373c32b58b67dfe67de4dcdad065a33925fc2"
      },
      "moment": {
        "git": "https://github.com/acreeger/meteor-moment.git",
        "tag": "v2.6.0",
        "commit": "26156df681750fd6e6ed77043eef32b6653ebbdf"
      },
      "simple-schema": {
        "git": "https://github.com/aldeed/meteor-simple-schema.git",
        "tag": "v0.6.0",
        "commit": "418ec496612fb2afc853e342f0d2269b6674a2fe"
      },
      "iron-layout": {
        "git": "https://github.com/EventedMind/iron-layout.git",
        "tag": "v0.2.0",
        "commit": "4a2d53e35ba036b0c189c7ceca34be494d4c6c97"
      },
      "roles": {
        "git": "https://github.com/alanning/meteor-roles.git",
        "tag": "v1.2.10",
        "commit": "7ccb35de0a6cb0c9a0c3666badd04757e39c09a6"
      },
      "selectize": {
        "git": "https://github.com/andrewreedy/meteor-selectize.git",
        "tag": "v0.0.1",
        "commit": "2bf47922a6b964ca58ad58cfa0e92c9cf9ea8be3"
      },
      "marked": {
        "git": "https://github.com/chuangbo/meteor-marked.git",
        "tag": "v0.3.3",
        "commit": "a0966771f9108835755368d0879429675d7e0db4"
      },
      "crypto-base": {
        "git": "https://github.com/oortcloud/meteor-crypto-base.git",
        "tag": "v3.1.2.1",
        "commit": "5df8d82a0595553415bbfae2930c6ecbeece5794"
      },
      "crypto-sha1": {
        "git": "https://github.com/dandv/meteor-crypto-sha1.git",
        "tag": "v3.1.2.1",
        "commit": "f5c87d44aa4bdda6b33c7e2c21ea396d9d0f436d"
      },
      "accounts-t9n": {
        "git": "https://github.com/softwarerero/meteor-accounts-t9n.git",
        "tag": "v0.0.5",
        "commit": "ad9539a8818049d5d9fa050d8b2a1f62706483b1"
      },
      "simple-form": {
        "git": "https://github.com/Differential/simple-form.git",
        "tag": "v0.1.8",
        "commit": "1ea0d3621b333e6f24f37e0e93efd3c081068716"
      },
      "blaze-layout": {
        "git": "https://github.com/EventedMind/blaze-layout.git",
        "tag": "v0.2.5",
        "commit": "273e3ab7d005d91a1a59c71bd224533b4dae2fbd"
      },
      "iron-core": {
        "git": "https://github.com/EventedMind/iron-core.git",
        "tag": "v0.2.0",
        "commit": "0e48b5dc50d03f01025b7b900fb5ce2f13d52cad"
      },
      "iron-dynamic-template": {
        "git": "https://github.com/EventedMind/iron-dynamic-template.git",
        "tag": "v0.2.1",
        "commit": "4dd1185c4d9d616c9abdb3f33e4a7d5a88db7e18"
      },
      "underscore-string-latest": {
        "git": "https://github.com/TimHeckel/meteor-underscore-string.git",
        "tag": "v2.3.3",
        "commit": "4a5d70eee48fbd90a6e6fc78747250d704a0b3bb"
      }
    }
  }
}
