{
  "meteor": {},
  "dependencies": {
    "basePackages": {
      "collection2": {},
      "llmd": {
        "path": "../liquid/src/packages/llmd"
      },
      "llmd-core": {
        "path": "../liquid/src/packages/llmd-core"
      },
      "llmd-md": {
        "path": "../liquid/src/packages/llmd-md"
      },
      "llmd-redisc": {
        "path": "../liquid/src/packages/llmd-redisc"
      },
      "emitter": {},
      "iron-router": {},
      "tags": {
        "git": "git@github.com:mhhf/meteor-tags.git",
        "branch": "master"
      },
      "bootstrap3-less": {},
      "spin": {},
      "editor": {
        "git": "git@bitbucket.org:liquidlearningdev/editor.git",
        "branch": "master"
      },
      "module-loader": {},
      "fontawesome4": {},
      "accounts-entry": {}
    },
    "packages": {
      "collection2": {
        "git": "https://github.com/aldeed/meteor-collection2.git",
        "tag": "v0.4.3",
        "commit": "cb470de2cfeebeccbf76d4cc0a39ad4afc76d553"
      },
      "llmd": {
        "path": "../liquid/src/packages/llmd"
      },
      "llmd-core": {
        "path": "../liquid/src/packages/llmd-core"
      },
      "llmd-md": {
        "path": "../liquid/src/packages/llmd-md"
      },
      "llmd-redisc": {
        "path": "../liquid/src/packages/llmd-redisc"
      },
      "emitter": {
        "git": "https://github.com/Meteor-Reaction/meteor-emitter.git",
        "tag": "v0.1.0",
        "commit": "849a91bbe4e1e0636f49fa2e5141e74ed5137a27"
      },
      "iron-router": {
        "git": "https://github.com/EventedMind/iron-router.git",
        "tag": "v0.7.1",
        "commit": "d1ffb3f06ea4c112132b030f2eb1a70b81675ecb"
      },
      "tags": {
        "git": "git@github.com:mhhf/meteor-tags.git",
        "branch": "master",
        "commit": "b7dedea98992a74279f52b4566e45f25e0652afb"
      },
      "bootstrap3-less": {
        "git": "https://github.com/simison/bootstrap3-less",
        "tag": "v0.2.1",
        "commit": "dc94a51ed00d7de6d6f2b6d65107a876d849ad61"
      },
      "spin": {
        "git": "https://github.com/SachaG/meteor-spin.git",
        "tag": "v2.0.3",
        "commit": "23c1145472a710d5c93fa4beaca4e576caeb2f24"
      },
      "editor": {
        "git": "git@bitbucket.org:liquidlearningdev/editor.git",
        "branch": "master",
        "commit": "bbc8dc9cda70c601acb99ce5ef173570ac5212eb"
      },
      "module-loader": {
        "git": "https://github.com/apendua/module-loader.git",
        "tag": "v0.5.1",
        "commit": "06c4f220272fb10dadec3ff431a47ce58e84cc8f"
      },
      "fontawesome4": {
        "git": "https://github.com/chrismbeckett/meteor-fontawesome4.git",
        "tag": "v1.1.0",
        "commit": "7d2cb9119b7981b8f854b7051d302d4842311249"
      },
      "accounts-entry": {
        "git": "https://github.com/Differential/accounts-entry.git",
        "tag": "v0.8.0",
        "commit": "cf7f7d0ecc285824bc2748e305f5d693df99b4ae"
      },
      "simple-schema": {
        "git": "https://github.com/aldeed/meteor-simple-schema.git",
        "tag": "v0.6.0",
        "commit": "418ec496612fb2afc853e342f0d2269b6674a2fe"
      },
      "marked": {
        "git": "https://github.com/chuangbo/meteor-marked.git",
        "tag": "v0.3.2",
        "commit": "850f63135cdeb05344c420bd586fd8af9cab75df"
      },
      "crypto-base": {
        "git": "https://github.com/oortcloud/meteor-crypto-base.git",
        "tag": "v3.1.2.1",
        "commit": "5df8d82a0595553415bbfae2930c6ecbeece5794"
      },
      "crypto-sha1": {
        "git": "https://github.com/dandv/meteor-crypto-sha1.git",
        "tag": "v3.1.2.1",
        "commit": "f5c87d44aa4bdda6b33c7e2c21ea396d9d0f436d"
      },
      "blaze-layout": {
        "git": "https://github.com/EventedMind/blaze-layout.git",
        "tag": "v0.2.4",
        "commit": "b40e9b0612329288d75cf52ad14a7da64bb8618f"
      },
      "roles": {
        "git": "https://github.com/alanning/meteor-roles.git",
        "tag": "v1.2.10",
        "commit": "7ccb35de0a6cb0c9a0c3666badd04757e39c09a6"
      },
      "selectize": {
        "git": "https://github.com/andrewreedy/meteor-selectize.git",
        "tag": "v0.0.1",
        "commit": "2bf47922a6b964ca58ad58cfa0e92c9cf9ea8be3"
      },
      "accounts-t9n": {
        "git": "https://github.com/softwarerero/meteor-accounts-t9n.git",
        "tag": "v0.0.5",
        "commit": "ad9539a8818049d5d9fa050d8b2a1f62706483b1"
      },
      "simple-form": {
        "git": "https://github.com/Differential/simple-form.git",
        "tag": "v0.1.8",
        "commit": "1ea0d3621b333e6f24f37e0e93efd3c081068716"
      },
      "underscore-string-latest": {
        "git": "https://github.com/TimHeckel/meteor-underscore-string.git",
        "tag": "v2.3.3",
        "commit": "4a5d70eee48fbd90a6e6fc78747250d704a0b3bb"
      }
    }
  }
}
