{
  "meteor": {},
  "dependencies": {
    "basePackages": {
      "velocity-quick-start": {}
    },
    "packages": {
      "velocity-quick-start": {
        "git": "https://github.com/alanning/meteor-velocity-quick-start.git",
        "tag": "v0.0.8",
        "commit": "76975566981224c3440c4909e7b6a33bdfc294b2"
      },
      "velocity-html-reporter": {
        "git": "https://github.com/rdickert/velocity-html-reporter.git",
        "tag": "v0.1.4",
        "commit": "55f973519fb6db831678219057854b94a4cec846"
      },
      "jasmine-unit": {
        "git": "https://github.com/xolvio/jasmine-unit.git",
        "tag": "v0.1.24",
        "commit": "885dde77a96390d0fd31b03756f837f482db2ef1"
      },
      "jasmine": {
        "git": "https://github.com/Sanjo/meteor-jasmine.git",
        "tag": "v0.1.15",
        "commit": "45024d476f08366250b227ef2cb62aea1ce7b89f"
      },
      "mocha-web-velocity": {
        "git": "https://github.com/mad-eye/meteor-mocha-web.git",
        "tag": "v0.3.4",
        "commit": "5b68e18104c00687748b190b04a7752478472d17"
      },
      "velocity": {
        "git": "https://github.com/xolvio/velocity.git",
        "tag": "v0.1.14",
        "commit": "a79260e019e385dce09a67f1017f90d3143a12d9"
      },
      "package-stubber": {
        "git": "https://github.com/alanning/meteor-package-stubber.git",
        "tag": "v0.0.15",
        "commit": "62ad08f8486aacbbc5ec22ea6e2a31573748b7d7"
      },
      "mirror": {
        "git": "https://github.com/xdissent/meteor-mirror.git",
        "tag": "v0.0.2",
        "commit": "03d965dcab2f976a1fdc6ce513edcd4c17b75746"
      }
    }
  }
}
